
Microsoft Visual Studio Solution File, Format Version 12.00
# Visual Studio Version 17
VisualStudioVersion = 17.11.34929.205
MinimumVisualStudioVersion = 10.0.40219.1
Project("{FAE04EC0-301F-11D3-BF4B-00C04F79EFBC}") = "MVC Assm1", "MVC Assm1\MVC Assm1.csproj", "{1A3280F2-73FB-4F45-9DAB-CAB842ABA5F1}"
EndProject
Global
	GlobalSection(SolutionConfigurationPlatforms) = preSolution
		Debug|Any CPU = Debug|Any CPU
		Release|Any CPU = Release|Any CPU
	EndGlobalSection
	GlobalSection(ProjectConfigurationPlatforms) = postSolution
		{1A3280F2-73FB-4F45-9DAB-CAB842ABA5F1}.Debug|Any CPU.ActiveCfg = Debug|Any CPU
		{1A3280F2-73FB-4F45-9DAB-CAB842ABA5F1}.Debug|Any CPU.Build.0 = Debug|Any CPU
		{1A3280F2-73FB-4F45-9DAB-CAB842ABA5F1}.Release|Any CPU.ActiveCfg = Release|Any CPU
		{1A3280F2-73FB-4F45-9DAB-CAB842ABA5F1}.Release|Any CPU.Build.0 = Release|Any CPU
	EndGlobalSection
	GlobalSection(SolutionProperties) = preSolution
		HideSolutionNode = FALSE
	EndGlobalSection
	GlobalSection(ExtensibilityGlobals) = postSolution
		SolutionGuid = {F98B30D9-68E6-4FDF-A93A-2809D36233D1}
	EndGlobalSection
EndGlobal
